
Microsoft Visual Studio Solution File, Format Version 12.00
# Visual Studio Version 17
VisualStudioVersion = 17.5.002.0
MinimumVisualStudioVersion = 10.0.40219.1
Project("{9A19103F-16F7-4668-BE54-9A1E7A4F7556}") = "ProductCatalog.Server", "ProductCatalog.Server.csproj", "{B0EB23B1-65B9-4924-9A1D-45336B79F022}"
EndProject
Global
	GlobalSection(SolutionConfigurationPlatforms) = preSolution
		Debug|Any CPU = Debug|Any CPU
		Release|Any CPU = Release|Any CPU
	EndGlobalSection
	GlobalSection(ProjectConfigurationPlatforms) = postSolution
		{B0EB23B1-65B9-4924-9A1D-45336B79F022}.Debug|Any CPU.ActiveCfg = Debug|Any CPU
		{B0EB23B1-65B9-4924-9A1D-45336B79F022}.Debug|Any CPU.Build.0 = Debug|Any CPU
		{B0EB23B1-65B9-4924-9A1D-45336B79F022}.Release|Any CPU.ActiveCfg = Release|Any CPU
		{B0EB23B1-65B9-4924-9A1D-45336B79F022}.Release|Any CPU.Build.0 = Release|Any CPU
	EndGlobalSection
	GlobalSection(SolutionProperties) = preSolution
		HideSolutionNode = FALSE
	EndGlobalSection
	GlobalSection(ExtensibilityGlobals) = postSolution
		SolutionGuid = {1AC4A6FE-7B77-4484-ACB8-700EBAD09369}
	EndGlobalSection
EndGlobal
